
Microsoft Visual Studio Solution File, Format Version 12.00
# Visual Studio 15
VisualStudioVersion = 15.0.28307.489
MinimumVisualStudioVersion = 10.0.40219.1
Project("{FAE04EC0-301F-11D3-BF4B-00C04F79EFBC}") = "Baruk", "Baruk\Baruk.csproj", "{8E48F7DA-7FAD-4E13-8832-603A0B93D3B4}"
EndProject
Project("{FAE04EC0-301F-11D3-BF4B-00C04F79EFBC}") = "Baruk.Tests", "Baruk.Tests\Baruk.Tests.csproj", "{A830EF10-41E4-4910-9FC0-34009CD26037}"
EndProject
Global
	GlobalSection(SolutionConfigurationPlatforms) = preSolution
		Debug|Any CPU = Debug|Any CPU
		Release|Any CPU = Release|Any CPU
	EndGlobalSection
	GlobalSection(ProjectConfigurationPlatforms) = postSolution
		{8E48F7DA-7FAD-4E13-8832-603A0B93D3B4}.Debug|Any CPU.ActiveCfg = Debug|Any CPU
		{8E48F7DA-7FAD-4E13-8832-603A0B93D3B4}.Debug|Any CPU.Build.0 = Debug|Any CPU
		{8E48F7DA-7FAD-4E13-8832-603A0B93D3B4}.Release|Any CPU.ActiveCfg = Release|Any CPU
		{8E48F7DA-7FAD-4E13-8832-603A0B93D3B4}.Release|Any CPU.Build.0 = Release|Any CPU
		{A830EF10-41E4-4910-9FC0-34009CD26037}.Debug|Any CPU.ActiveCfg = Debug|Any CPU
		{A830EF10-41E4-4910-9FC0-34009CD26037}.Debug|Any CPU.Build.0 = Debug|Any CPU
		{A830EF10-41E4-4910-9FC0-34009CD26037}.Release|Any CPU.ActiveCfg = Release|Any CPU
		{A830EF10-41E4-4910-9FC0-34009CD26037}.Release|Any CPU.Build.0 = Release|Any CPU
	EndGlobalSection
	GlobalSection(SolutionProperties) = preSolution
		HideSolutionNode = FALSE
	EndGlobalSection
	GlobalSection(ExtensibilityGlobals) = postSolution
		SolutionGuid = {58E1844B-FEE7-4BF6-B6A8-6B0960EAB17C}
	EndGlobalSection
EndGlobal
